<?xml version="1.0" encoding="utf-8"?>
<Project ToolsVersion="4.0" xmlns="http://schemas.microsoft.com/developer/msbuild/2003">
  <ItemGroup>
    <ClCompile Include="rayTracer.cpp" />
    <ClCompile Include="main.cpp" />
  </ItemGroup>
  <ItemGroup>
    <ClInclude Include="Functions.h">
      <Filter>Headers</Filter>
    </ClInclude>
    <ClInclude Include="RayTracer.h">
      <Filter>Headers</Filter>
    </ClInclude>
    <ClInclude Include="Utilities.h">
      <Filter>Headers</Filter>
    </ClInclude>
  </ItemGroup>
  <ItemGroup>
    <Filter Include="Headers">
      <UniqueIdentifier>{0561dba5-0c6c-45fc-86db-d73275e78474}</UniqueIdentifier>
    </Filter>
  </ItemGroup>
</Project>